
Microsoft Visual Studio Solution File, Format Version 12.00
# Visual Studio 14
VisualStudioVersion = 14.0.25420.1
MinimumVisualStudioVersion = 10.0.40219.1
Project("{FAE04EC0-301F-11D3-BF4B-00C04F79EFBC}") = "AzureScale", "AzureScale\AzureScale.csproj", "{FABB6363-47AC-40A2-9011-82C385C4E1DA}"
EndProject
Project("{FAE04EC0-301F-11D3-BF4B-00C04F79EFBC}") = "ScaleWebJob", "ScaleWebJob\ScaleWebJob.csproj", "{7052BC45-5C05-4CF4-97FF-59D64AD8BF93}"
EndProject
Global
	GlobalSection(SolutionConfigurationPlatforms) = preSolution
		Debug|Any CPU = Debug|Any CPU
		Release|Any CPU = Release|Any CPU
	EndGlobalSection
	GlobalSection(ProjectConfigurationPlatforms) = postSolution
		{FABB6363-47AC-40A2-9011-82C385C4E1DA}.Debug|Any CPU.ActiveCfg = Debug|Any CPU
		{FABB6363-47AC-40A2-9011-82C385C4E1DA}.Debug|Any CPU.Build.0 = Debug|Any CPU
		{FABB6363-47AC-40A2-9011-82C385C4E1DA}.Release|Any CPU.ActiveCfg = Release|Any CPU
		{FABB6363-47AC-40A2-9011-82C385C4E1DA}.Release|Any CPU.Build.0 = Release|Any CPU
		{7052BC45-5C05-4CF4-97FF-59D64AD8BF93}.Debug|Any CPU.ActiveCfg = Debug|Any CPU
		{7052BC45-5C05-4CF4-97FF-59D64AD8BF93}.Debug|Any CPU.Build.0 = Debug|Any CPU
		{7052BC45-5C05-4CF4-97FF-59D64AD8BF93}.Release|Any CPU.ActiveCfg = Release|Any CPU
		{7052BC45-5C05-4CF4-97FF-59D64AD8BF93}.Release|Any CPU.Build.0 = Release|Any CPU
	EndGlobalSection
	GlobalSection(SolutionProperties) = preSolution
		HideSolutionNode = FALSE
	EndGlobalSection
EndGlobal
